
Microsoft Visual Studio Solution File, Format Version 12.00
# Visual Studio Version 17
VisualStudioVersion = 17.8.34330.188
MinimumVisualStudioVersion = 10.0.40219.1
Project("{FAE04EC0-301F-11D3-BF4B-00C04F79EFBC}") = "CodeKata49", "ConsoleApp2\CodeKata49.csproj", "{1DB93787-2183-4078-B585-0DD35B64966E}"
EndProject
Global
	GlobalSection(SolutionConfigurationPlatforms) = preSolution
		Debug|Any CPU = Debug|Any CPU
		Release|Any CPU = Release|Any CPU
	EndGlobalSection
	GlobalSection(ProjectConfigurationPlatforms) = postSolution
		{1DB93787-2183-4078-B585-0DD35B64966E}.Debug|Any CPU.ActiveCfg = Debug|Any CPU
		{1DB93787-2183-4078-B585-0DD35B64966E}.Debug|Any CPU.Build.0 = Debug|Any CPU
		{1DB93787-2183-4078-B585-0DD35B64966E}.Release|Any CPU.ActiveCfg = Release|Any CPU
		{1DB93787-2183-4078-B585-0DD35B64966E}.Release|Any CPU.Build.0 = Release|Any CPU
	EndGlobalSection
	GlobalSection(SolutionProperties) = preSolution
		HideSolutionNode = FALSE
	EndGlobalSection
	GlobalSection(ExtensibilityGlobals) = postSolution
		SolutionGuid = {FC230191-062C-4DA5-9DA9-A78655865F59}
	EndGlobalSection
EndGlobal
